
Microsoft Visual Studio Solution File, Format Version 12.00
# Visual Studio 15
VisualStudioVersion = 15.0.27703.2047
MinimumVisualStudioVersion = 10.0.40219.1
Project("{FAE04EC0-301F-11D3-BF4B-00C04F79EFBC}") = "Projeto_LP2", "Projeto_LP2\Projeto_LP2.csproj", "{F6D3D8A5-D9A3-4105-8F55-1BEDE223F48A}"
EndProject
Global
	GlobalSection(SolutionConfigurationPlatforms) = preSolution
		Debug|Any CPU = Debug|Any CPU
		Release|Any CPU = Release|Any CPU
	EndGlobalSection
	GlobalSection(ProjectConfigurationPlatforms) = postSolution
		{F6D3D8A5-D9A3-4105-8F55-1BEDE223F48A}.Debug|Any CPU.ActiveCfg = Debug|Any CPU
		{F6D3D8A5-D9A3-4105-8F55-1BEDE223F48A}.Debug|Any CPU.Build.0 = Debug|Any CPU
		{F6D3D8A5-D9A3-4105-8F55-1BEDE223F48A}.Release|Any CPU.ActiveCfg = Release|Any CPU
		{F6D3D8A5-D9A3-4105-8F55-1BEDE223F48A}.Release|Any CPU.Build.0 = Release|Any CPU
	EndGlobalSection
	GlobalSection(SolutionProperties) = preSolution
		HideSolutionNode = FALSE
	EndGlobalSection
	GlobalSection(ExtensibilityGlobals) = postSolution
		SolutionGuid = {20A2EA3E-033A-446D-B9F1-A07A7D7C6B36}
	EndGlobalSection
EndGlobal
